
Microsoft Visual Studio Solution File, Format Version 12.00
# Visual Studio 2013
VisualStudioVersion = 12.0.21005.1
MinimumVisualStudioVersion = 10.0.40219.1
Project("{FAE04EC0-301F-11D3-BF4B-00C04F79EFBC}") = "01.Reverse string", "01.Reverse string\01.Reverse string.csproj", "{F41E24EA-5370-410B-8010-7E632641926C}"
EndProject
Project("{FAE04EC0-301F-11D3-BF4B-00C04F79EFBC}") = "02.Correct brackets", "02.Correct brackets\02.Correct brackets.csproj", "{87522E6F-1C02-4FDA-B824-0D3E9D80720A}"
EndProject
Project("{FAE04EC0-301F-11D3-BF4B-00C04F79EFBC}") = "23.Order words", "23.Order words\23.Order words.csproj", "{419BBDAB-C8D4-4646-B3F0-6AD9D67F1D1C}"
EndProject
Project("{FAE04EC0-301F-11D3-BF4B-00C04F79EFBC}") = "19.Palindromes", "19.Palindromes\19.Palindromes.csproj", "{BD117126-BD90-44F7-8140-893F308554D1}"
EndProject
Project("{FAE04EC0-301F-11D3-BF4B-00C04F79EFBC}") = "03.Sub-string in text", "03.Sub-string in text\03.Sub-string in text.csproj", "{8B16E217-BE67-4731-B8A4-055B5A52B75C}"
EndProject
Project("{FAE04EC0-301F-11D3-BF4B-00C04F79EFBC}") = "04.Parse tags", "04.Parse tags\04.Parse tags.csproj", "{F7A405D3-4088-41A2-9212-6C1BFB4CB442}"
EndProject
Project("{FAE04EC0-301F-11D3-BF4B-00C04F79EFBC}") = "05.String length", "05.String length\05.String length.csproj", "{037E5049-6AC2-47E8-B365-C079FAB4FF4E}"
EndProject
Project("{FAE04EC0-301F-11D3-BF4B-00C04F79EFBC}") = "06.Encode and Decode", "06.Encode and Decode\06.Encode and Decode.csproj", "{26ECF5C9-D169-452D-AA0D-0CC89D6889C4}"
EndProject
Project("{FAE04EC0-301F-11D3-BF4B-00C04F79EFBC}") = "07.Extract sentences", "07.Extract sentences\07.Extract sentences.csproj", "{85A9A9AC-AB26-4B78-9837-D54FEFE1557E}"
EndProject
Project("{FAE04EC0-301F-11D3-BF4B-00C04F79EFBC}") = "08.Forbidden words", "08.Forbidden words\08.Forbidden words.csproj", "{7BAA96E4-0D9B-465F-A224-1B3BFE5FE5F7}"
EndProject
Project("{FAE04EC0-301F-11D3-BF4B-00C04F79EFBC}") = "09.Unicode characters", "09.Unicode characters\09.Unicode characters.csproj", "{9D606267-2312-4468-B3F0-50C460E6A692}"
EndProject
Project("{FAE04EC0-301F-11D3-BF4B-00C04F79EFBC}") = "10.Format number", "10.Format number\10.Format number.csproj", "{AD3427DA-0FA9-4259-8CC5-0983E7DFB1F0}"
EndProject
Project("{FAE04EC0-301F-11D3-BF4B-00C04F79EFBC}") = "11.Parse URL", "11.Parse URL\11.Parse URL.csproj", "{E176A295-3650-421D-8AAC-9F84BE4904E4}"
EndProject
Project("{FAE04EC0-301F-11D3-BF4B-00C04F79EFBC}") = "12.Reverse sentence", "12.Reverse sentence\12.Reverse sentence.csproj", "{0B578578-3F55-467A-A3CF-F10C3B87A49B}"
EndProject
Project("{FAE04EC0-301F-11D3-BF4B-00C04F79EFBC}") = "13.Word dictionary", "13.Word dictionary\13.Word dictionary.csproj", "{6DF95AAC-4789-4697-89C6-514BE87E6AF5}"
EndProject
Project("{FAE04EC0-301F-11D3-BF4B-00C04F79EFBC}") = "14.Replace tags", "14.Replace tags\14.Replace tags.csproj", "{8ABE01EB-08BF-4DB3-BF7D-BD82ED5E1828}"
EndProject
Project("{FAE04EC0-301F-11D3-BF4B-00C04F79EFBC}") = "15.Date difference", "15.Date difference\15.Date difference.csproj", "{00B61459-C822-4376-BFE5-4BD7EE1720B3}"
EndProject
Project("{FAE04EC0-301F-11D3-BF4B-00C04F79EFBC}") = "16.Date in Bulgarian", "16.Date in Bulgarian\16.Date in Bulgarian.csproj", "{282EF5AF-98B0-4B4B-85BF-5585FAF64F0F}"
EndProject
Project("{FAE04EC0-301F-11D3-BF4B-00C04F79EFBC}") = "17.Extract e-mails", "17.Extract e-mails\17.Extract e-mails.csproj", "{49385312-251C-45C9-90A2-F7DFA1DB0276}"
EndProject
Project("{FAE04EC0-301F-11D3-BF4B-00C04F79EFBC}") = "18.Dates from text in Canada", "18.Dates from text in Canada\18.Dates from text in Canada.csproj", "{2C76D667-7CE2-466D-AB8A-75C71813720D}"
EndProject
Project("{FAE04EC0-301F-11D3-BF4B-00C04F79EFBC}") = "20.LettersCount", "20.LettersCount\20.LettersCount.csproj", "{C6A06538-5F97-47C2-BF3D-A7358615075F}"
EndProject
Global
	GlobalSection(SolutionConfigurationPlatforms) = preSolution
		Debug|Any CPU = Debug|Any CPU
		Release|Any CPU = Release|Any CPU
	EndGlobalSection
	GlobalSection(ProjectConfigurationPlatforms) = postSolution
		{F41E24EA-5370-410B-8010-7E632641926C}.Debug|Any CPU.ActiveCfg = Debug|Any CPU
		{F41E24EA-5370-410B-8010-7E632641926C}.Debug|Any CPU.Build.0 = Debug|Any CPU
		{F41E24EA-5370-410B-8010-7E632641926C}.Release|Any CPU.ActiveCfg = Release|Any CPU
		{F41E24EA-5370-410B-8010-7E632641926C}.Release|Any CPU.Build.0 = Release|Any CPU
		{87522E6F-1C02-4FDA-B824-0D3E9D80720A}.Debug|Any CPU.ActiveCfg = Debug|Any CPU
		{87522E6F-1C02-4FDA-B824-0D3E9D80720A}.Debug|Any CPU.Build.0 = Debug|Any CPU
		{87522E6F-1C02-4FDA-B824-0D3E9D80720A}.Release|Any CPU.ActiveCfg = Release|Any CPU
		{87522E6F-1C02-4FDA-B824-0D3E9D80720A}.Release|Any CPU.Build.0 = Release|Any CPU
		{419BBDAB-C8D4-4646-B3F0-6AD9D67F1D1C}.Debug|Any CPU.ActiveCfg = Debug|Any CPU
		{419BBDAB-C8D4-4646-B3F0-6AD9D67F1D1C}.Debug|Any CPU.Build.0 = Debug|Any CPU
		{419BBDAB-C8D4-4646-B3F0-6AD9D67F1D1C}.Release|Any CPU.ActiveCfg = Release|Any CPU
		{419BBDAB-C8D4-4646-B3F0-6AD9D67F1D1C}.Release|Any CPU.Build.0 = Release|Any CPU
		{BD117126-BD90-44F7-8140-893F308554D1}.Debug|Any CPU.ActiveCfg = Debug|Any CPU
		{BD117126-BD90-44F7-8140-893F308554D1}.Debug|Any CPU.Build.0 = Debug|Any CPU
		{BD117126-BD90-44F7-8140-893F308554D1}.Release|Any CPU.ActiveCfg = Release|Any CPU
		{BD117126-BD90-44F7-8140-893F308554D1}.Release|Any CPU.Build.0 = Release|Any CPU
		{8B16E217-BE67-4731-B8A4-055B5A52B75C}.Debug|Any CPU.ActiveCfg = Debug|Any CPU
		{8B16E217-BE67-4731-B8A4-055B5A52B75C}.Debug|Any CPU.Build.0 = Debug|Any CPU
		{8B16E217-BE67-4731-B8A4-055B5A52B75C}.Release|Any CPU.ActiveCfg = Release|Any CPU
		{8B16E217-BE67-4731-B8A4-055B5A52B75C}.Release|Any CPU.Build.0 = Release|Any CPU
		{F7A405D3-4088-41A2-9212-6C1BFB4CB442}.Debug|Any CPU.ActiveCfg = Debug|Any CPU
		{F7A405D3-4088-41A2-9212-6C1BFB4CB442}.Debug|Any CPU.Build.0 = Debug|Any CPU
		{F7A405D3-4088-41A2-9212-6C1BFB4CB442}.Release|Any CPU.ActiveCfg = Release|Any CPU
		{F7A405D3-4088-41A2-9212-6C1BFB4CB442}.Release|Any CPU.Build.0 = Release|Any CPU
		{037E5049-6AC2-47E8-B365-C079FAB4FF4E}.Debug|Any CPU.ActiveCfg = Debug|Any CPU
		{037E5049-6AC2-47E8-B365-C079FAB4FF4E}.Debug|Any CPU.Build.0 = Debug|Any CPU
		{037E5049-6AC2-47E8-B365-C079FAB4FF4E}.Release|Any CPU.ActiveCfg = Release|Any CPU
		{037E5049-6AC2-47E8-B365-C079FAB4FF4E}.Release|Any CPU.Build.0 = Release|Any CPU
		{26ECF5C9-D169-452D-AA0D-0CC89D6889C4}.Debug|Any CPU.ActiveCfg = Debug|Any CPU
		{26ECF5C9-D169-452D-AA0D-0CC89D6889C4}.Debug|Any CPU.Build.0 = Debug|Any CPU
		{26ECF5C9-D169-452D-AA0D-0CC89D6889C4}.Release|Any CPU.ActiveCfg = Release|Any CPU
		{26ECF5C9-D169-452D-AA0D-0CC89D6889C4}.Release|Any CPU.Build.0 = Release|Any CPU
		{85A9A9AC-AB26-4B78-9837-D54FEFE1557E}.Debug|Any CPU.ActiveCfg = Debug|Any CPU
		{85A9A9AC-AB26-4B78-9837-D54FEFE1557E}.Debug|Any CPU.Build.0 = Debug|Any CPU
		{85A9A9AC-AB26-4B78-9837-D54FEFE1557E}.Release|Any CPU.ActiveCfg = Release|Any CPU
		{85A9A9AC-AB26-4B78-9837-D54FEFE1557E}.Release|Any CPU.Build.0 = Release|Any CPU
		{7BAA96E4-0D9B-465F-A224-1B3BFE5FE5F7}.Debug|Any CPU.ActiveCfg = Debug|Any CPU
		{7BAA96E4-0D9B-465F-A224-1B3BFE5FE5F7}.Debug|Any CPU.Build.0 = Debug|Any CPU
		{7BAA96E4-0D9B-465F-A224-1B3BFE5FE5F7}.Release|Any CPU.ActiveCfg = Release|Any CPU
		{7BAA96E4-0D9B-465F-A224-1B3BFE5FE5F7}.Release|Any CPU.Build.0 = Release|Any CPU
		{9D606267-2312-4468-B3F0-50C460E6A692}.Debug|Any CPU.ActiveCfg = Debug|Any CPU
		{9D606267-2312-4468-B3F0-50C460E6A692}.Debug|Any CPU.Build.0 = Debug|Any CPU
		{9D606267-2312-4468-B3F0-50C460E6A692}.Release|Any CPU.ActiveCfg = Release|Any CPU
		{9D606267-2312-4468-B3F0-50C460E6A692}.Release|Any CPU.Build.0 = Release|Any CPU
		{AD3427DA-0FA9-4259-8CC5-0983E7DFB1F0}.Debug|Any CPU.ActiveCfg = Debug|Any CPU
		{AD3427DA-0FA9-4259-8CC5-0983E7DFB1F0}.Debug|Any CPU.Build.0 = Debug|Any CPU
		{AD3427DA-0FA9-4259-8CC5-0983E7DFB1F0}.Release|Any CPU.ActiveCfg = Release|Any CPU
		{AD3427DA-0FA9-4259-8CC5-0983E7DFB1F0}.Release|Any CPU.Build.0 = Release|Any CPU
		{E176A295-3650-421D-8AAC-9F84BE4904E4}.Debug|Any CPU.ActiveCfg = Debug|Any CPU
		{E176A295-3650-421D-8AAC-9F84BE4904E4}.Debug|Any CPU.Build.0 = Debug|Any CPU
		{E176A295-3650-421D-8AAC-9F84BE4904E4}.Release|Any CPU.ActiveCfg = Release|Any CPU
		{E176A295-3650-421D-8AAC-9F84BE4904E4}.Release|Any CPU.Build.0 = Release|Any CPU
		{0B578578-3F55-467A-A3CF-F10C3B87A49B}.Debug|Any CPU.ActiveCfg = Debug|Any CPU
		{0B578578-3F55-467A-A3CF-F10C3B87A49B}.Debug|Any CPU.Build.0 = Debug|Any CPU
		{0B578578-3F55-467A-A3CF-F10C3B87A49B}.Release|Any CPU.ActiveCfg = Release|Any CPU
		{0B578578-3F55-467A-A3CF-F10C3B87A49B}.Release|Any CPU.Build.0 = Release|Any CPU
		{6DF95AAC-4789-4697-89C6-514BE87E6AF5}.Debug|Any CPU.ActiveCfg = Debug|Any CPU
		{6DF95AAC-4789-4697-89C6-514BE87E6AF5}.Debug|Any CPU.Build.0 = Debug|Any CPU
		{6DF95AAC-4789-4697-89C6-514BE87E6AF5}.Release|Any CPU.ActiveCfg = Release|Any CPU
		{6DF95AAC-4789-4697-89C6-514BE87E6AF5}.Release|Any CPU.Build.0 = Release|Any CPU
		{8ABE01EB-08BF-4DB3-BF7D-BD82ED5E1828}.Debug|Any CPU.ActiveCfg = Debug|Any CPU
		{8ABE01EB-08BF-4DB3-BF7D-BD82ED5E1828}.Debug|Any CPU.Build.0 = Debug|Any CPU
		{8ABE01EB-08BF-4DB3-BF7D-BD82ED5E1828}.Release|Any CPU.ActiveCfg = Release|Any CPU
		{8ABE01EB-08BF-4DB3-BF7D-BD82ED5E1828}.Release|Any CPU.Build.0 = Release|Any CPU
		{00B61459-C822-4376-BFE5-4BD7EE1720B3}.Debug|Any CPU.ActiveCfg = Debug|Any CPU
		{00B61459-C822-4376-BFE5-4BD7EE1720B3}.Debug|Any CPU.Build.0 = Debug|Any CPU
		{00B61459-C822-4376-BFE5-4BD7EE1720B3}.Release|Any CPU.ActiveCfg = Release|Any CPU
		{00B61459-C822-4376-BFE5-4BD7EE1720B3}.Release|Any CPU.Build.0 = Release|Any CPU
		{282EF5AF-98B0-4B4B-85BF-5585FAF64F0F}.Debug|Any CPU.ActiveCfg = Debug|Any CPU
		{282EF5AF-98B0-4B4B-85BF-5585FAF64F0F}.Debug|Any CPU.Build.0 = Debug|Any CPU
		{282EF5AF-98B0-4B4B-85BF-5585FAF64F0F}.Release|Any CPU.ActiveCfg = Release|Any CPU
		{282EF5AF-98B0-4B4B-85BF-5585FAF64F0F}.Release|Any CPU.Build.0 = Release|Any CPU
		{49385312-251C-45C9-90A2-F7DFA1DB0276}.Debug|Any CPU.ActiveCfg = Debug|Any CPU
		{49385312-251C-45C9-90A2-F7DFA1DB0276}.Debug|Any CPU.Build.0 = Debug|Any CPU
		{49385312-251C-45C9-90A2-F7DFA1DB0276}.Release|Any CPU.ActiveCfg = Release|Any CPU
		{49385312-251C-45C9-90A2-F7DFA1DB0276}.Release|Any CPU.Build.0 = Release|Any CPU
		{2C76D667-7CE2-466D-AB8A-75C71813720D}.Debug|Any CPU.ActiveCfg = Debug|Any CPU
		{2C76D667-7CE2-466D-AB8A-75C71813720D}.Debug|Any CPU.Build.0 = Debug|Any CPU
		{2C76D667-7CE2-466D-AB8A-75C71813720D}.Release|Any CPU.ActiveCfg = Release|Any CPU
		{2C76D667-7CE2-466D-AB8A-75C71813720D}.Release|Any CPU.Build.0 = Release|Any CPU
		{C6A06538-5F97-47C2-BF3D-A7358615075F}.Debug|Any CPU.ActiveCfg = Debug|Any CPU
		{C6A06538-5F97-47C2-BF3D-A7358615075F}.Debug|Any CPU.Build.0 = Debug|Any CPU
		{C6A06538-5F97-47C2-BF3D-A7358615075F}.Release|Any CPU.ActiveCfg = Release|Any CPU
		{C6A06538-5F97-47C2-BF3D-A7358615075F}.Release|Any CPU.Build.0 = Release|Any CPU
	EndGlobalSection
	GlobalSection(SolutionProperties) = preSolution
		HideSolutionNode = FALSE
	EndGlobalSection
EndGlobal
